
Microsoft Visual Studio Solution File, Format Version 12.00
# Visual Studio 14
VisualStudioVersion = 14.0.25123.0
MinimumVisualStudioVersion = 10.0.40219.1
Project("{2150E333-8FDC-42A3-9474-1A3956D46DE8}") = "src", "src", "{42D759BB-22F4-433C-8AF1-69DE0C2DAF5B}"
EndProject
Project("{2150E333-8FDC-42A3-9474-1A3956D46DE8}") = "Solution Items", "Solution Items", "{E81D291D-E73E-4EEA-BB1D-2F198CC8ED0A}"
	ProjectSection(SolutionItems) = preProject
		global.json = global.json
	EndProjectSection
EndProject
Project("{8BB2217D-0F2D-49D1-97BC-3654ED321F3B}") = "restRedis3", "src\restRedis3\restRedis3.xproj", "{C1755338-D439-4E19-882B-1D6DE165E47B}"
EndProject
Global
	GlobalSection(SolutionConfigurationPlatforms) = preSolution
		Debug|Any CPU = Debug|Any CPU
		Release|Any CPU = Release|Any CPU
	EndGlobalSection
	GlobalSection(ProjectConfigurationPlatforms) = postSolution
		{C1755338-D439-4E19-882B-1D6DE165E47B}.Debug|Any CPU.ActiveCfg = Debug|Any CPU
		{C1755338-D439-4E19-882B-1D6DE165E47B}.Debug|Any CPU.Build.0 = Debug|Any CPU
		{C1755338-D439-4E19-882B-1D6DE165E47B}.Release|Any CPU.ActiveCfg = Release|Any CPU
		{C1755338-D439-4E19-882B-1D6DE165E47B}.Release|Any CPU.Build.0 = Release|Any CPU
	EndGlobalSection
	GlobalSection(SolutionProperties) = preSolution
		HideSolutionNode = FALSE
	EndGlobalSection
	GlobalSection(NestedProjects) = preSolution
		{C1755338-D439-4E19-882B-1D6DE165E47B} = {42D759BB-22F4-433C-8AF1-69DE0C2DAF5B}
	EndGlobalSection
EndGlobal
